
Microsoft Visual Studio Solution File, Format Version 12.00
# Visual Studio 15
VisualStudioVersion = 15.0.27004.2005
MinimumVisualStudioVersion = 10.0.40219.1
Project("{FAE04EC0-301F-11D3-BF4B-00C04F79EFBC}") = "DiceRoller", "DiceRoller\DiceRoller.csproj", "{ECEAB165-5EEE-4C0D-B31F-D2C60A226D0D}"
EndProject
Global
	GlobalSection(SolutionConfigurationPlatforms) = preSolution
		Debug|Any CPU = Debug|Any CPU
		Release|Any CPU = Release|Any CPU
	EndGlobalSection
	GlobalSection(ProjectConfigurationPlatforms) = postSolution
		{ECEAB165-5EEE-4C0D-B31F-D2C60A226D0D}.Debug|Any CPU.ActiveCfg = Debug|Any CPU
		{ECEAB165-5EEE-4C0D-B31F-D2C60A226D0D}.Debug|Any CPU.Build.0 = Debug|Any CPU
		{ECEAB165-5EEE-4C0D-B31F-D2C60A226D0D}.Release|Any CPU.ActiveCfg = Release|Any CPU
		{ECEAB165-5EEE-4C0D-B31F-D2C60A226D0D}.Release|Any CPU.Build.0 = Release|Any CPU
	EndGlobalSection
	GlobalSection(SolutionProperties) = preSolution
		HideSolutionNode = FALSE
	EndGlobalSection
	GlobalSection(ExtensibilityGlobals) = postSolution
		SolutionGuid = {1A7738B5-9B64-4AE0-B2C6-BFB6649CD8C2}
	EndGlobalSection
EndGlobal
